
Microsoft Visual Studio Solution File, Format Version 12.00
# Visual Studio 2012
Project("{FAE04EC0-301F-11D3-BF4B-00C04F79EFBC}") = "BeginPrint_EndPrint", "BeginPrint_EndPrint.csproj", "{D99F455F-2E7F-4EF0-AA10-637831C11044}"
EndProject
Global
	GlobalSection(SolutionConfigurationPlatforms) = preSolution
		Debug|Any CPU = Debug|Any CPU
		Release|Any CPU = Release|Any CPU
	EndGlobalSection
	GlobalSection(ProjectConfigurationPlatforms) = postSolution
		{D99F455F-2E7F-4EF0-AA10-637831C11044}.Debug|Any CPU.ActiveCfg = Debug|Any CPU
		{D99F455F-2E7F-4EF0-AA10-637831C11044}.Debug|Any CPU.Build.0 = Debug|Any CPU
		{D99F455F-2E7F-4EF0-AA10-637831C11044}.Release|Any CPU.ActiveCfg = Release|Any CPU
		{D99F455F-2E7F-4EF0-AA10-637831C11044}.Release|Any CPU.Build.0 = Release|Any CPU
	EndGlobalSection
	GlobalSection(SolutionProperties) = preSolution
		HideSolutionNode = FALSE
	EndGlobalSection
EndGlobal
