
Microsoft Visual Studio Solution File, Format Version 12.00
# Visual Studio 2012
Project("{FAE04EC0-301F-11D3-BF4B-00C04F79EFBC}") = "sozluk_oledbdataadapter", "sozluk_oledbdataadapter.csproj", "{FE721EA5-022B-433A-9DB7-424DB4BEAE0D}"
EndProject
Global
	GlobalSection(SolutionConfigurationPlatforms) = preSolution
		Debug|Any CPU = Debug|Any CPU
		Release|Any CPU = Release|Any CPU
	EndGlobalSection
	GlobalSection(ProjectConfigurationPlatforms) = postSolution
		{FE721EA5-022B-433A-9DB7-424DB4BEAE0D}.Debug|Any CPU.ActiveCfg = Debug|Any CPU
		{FE721EA5-022B-433A-9DB7-424DB4BEAE0D}.Debug|Any CPU.Build.0 = Debug|Any CPU
		{FE721EA5-022B-433A-9DB7-424DB4BEAE0D}.Release|Any CPU.ActiveCfg = Release|Any CPU
		{FE721EA5-022B-433A-9DB7-424DB4BEAE0D}.Release|Any CPU.Build.0 = Release|Any CPU
	EndGlobalSection
	GlobalSection(SolutionProperties) = preSolution
		HideSolutionNode = FALSE
	EndGlobalSection
EndGlobal
