
Microsoft Visual Studio Solution File, Format Version 12.00
# Visual Studio 2012
Project("{FAE04EC0-301F-11D3-BF4B-00C04F79EFBC}") = "timer_Console_Threading", "timer_Console_Threading.csproj", "{CCC1EC91-B63A-45D2-A951-28EE20D603BA}"
EndProject
Global
	GlobalSection(SolutionConfigurationPlatforms) = preSolution
		Debug|Any CPU = Debug|Any CPU
		Release|Any CPU = Release|Any CPU
	EndGlobalSection
	GlobalSection(ProjectConfigurationPlatforms) = postSolution
		{CCC1EC91-B63A-45D2-A951-28EE20D603BA}.Debug|Any CPU.ActiveCfg = Debug|Any CPU
		{CCC1EC91-B63A-45D2-A951-28EE20D603BA}.Debug|Any CPU.Build.0 = Debug|Any CPU
		{CCC1EC91-B63A-45D2-A951-28EE20D603BA}.Release|Any CPU.ActiveCfg = Release|Any CPU
		{CCC1EC91-B63A-45D2-A951-28EE20D603BA}.Release|Any CPU.Build.0 = Release|Any CPU
	EndGlobalSection
	GlobalSection(SolutionProperties) = preSolution
		HideSolutionNode = FALSE
	EndGlobalSection
EndGlobal
