
Microsoft Visual Studio Solution File, Format Version 12.00
# Visual Studio 2012
Project("{FAE04EC0-301F-11D3-BF4B-00C04F79EFBC}") = "Excel_Hucreye_Erisim", "Excel_Hucreye_Erisim.csproj", "{19BAADE9-3E0D-4879-A38C-7B43A969DE1C}"
EndProject
Global
	GlobalSection(SolutionConfigurationPlatforms) = preSolution
		Debug|Any CPU = Debug|Any CPU
		Release|Any CPU = Release|Any CPU
	EndGlobalSection
	GlobalSection(ProjectConfigurationPlatforms) = postSolution
		{19BAADE9-3E0D-4879-A38C-7B43A969DE1C}.Debug|Any CPU.ActiveCfg = Debug|Any CPU
		{19BAADE9-3E0D-4879-A38C-7B43A969DE1C}.Debug|Any CPU.Build.0 = Debug|Any CPU
		{19BAADE9-3E0D-4879-A38C-7B43A969DE1C}.Release|Any CPU.ActiveCfg = Release|Any CPU
		{19BAADE9-3E0D-4879-A38C-7B43A969DE1C}.Release|Any CPU.Build.0 = Release|Any CPU
	EndGlobalSection
	GlobalSection(SolutionProperties) = preSolution
		HideSolutionNode = FALSE
	EndGlobalSection
EndGlobal
