
Microsoft Visual Studio Solution File, Format Version 12.00
# Visual Studio 2012
Project("{FAE04EC0-301F-11D3-BF4B-00C04F79EFBC}") = "font_Dialog", "font_Dialog.csproj", "{CC648319-1351-44A0-8B71-DC32588D580E}"
EndProject
Global
	GlobalSection(SolutionConfigurationPlatforms) = preSolution
		Debug|Any CPU = Debug|Any CPU
		Release|Any CPU = Release|Any CPU
	EndGlobalSection
	GlobalSection(ProjectConfigurationPlatforms) = postSolution
		{CC648319-1351-44A0-8B71-DC32588D580E}.Debug|Any CPU.ActiveCfg = Debug|Any CPU
		{CC648319-1351-44A0-8B71-DC32588D580E}.Debug|Any CPU.Build.0 = Debug|Any CPU
		{CC648319-1351-44A0-8B71-DC32588D580E}.Release|Any CPU.ActiveCfg = Release|Any CPU
		{CC648319-1351-44A0-8B71-DC32588D580E}.Release|Any CPU.Build.0 = Release|Any CPU
	EndGlobalSection
	GlobalSection(SolutionProperties) = preSolution
		HideSolutionNode = FALSE
	EndGlobalSection
EndGlobal
