
Microsoft Visual Studio Solution File, Format Version 12.00
# Visual Studio 2012
Project("{FAE04EC0-301F-11D3-BF4B-00C04F79EFBC}") = "Operator_Aktarma", "Operator_Aktarma.csproj", "{6099756F-8F11-4DF0-B298-F2F259A82DD9}"
EndProject
Global
	GlobalSection(SolutionConfigurationPlatforms) = preSolution
		Debug|Any CPU = Debug|Any CPU
		Release|Any CPU = Release|Any CPU
	EndGlobalSection
	GlobalSection(ProjectConfigurationPlatforms) = postSolution
		{6099756F-8F11-4DF0-B298-F2F259A82DD9}.Debug|Any CPU.ActiveCfg = Debug|Any CPU
		{6099756F-8F11-4DF0-B298-F2F259A82DD9}.Debug|Any CPU.Build.0 = Debug|Any CPU
		{6099756F-8F11-4DF0-B298-F2F259A82DD9}.Release|Any CPU.ActiveCfg = Release|Any CPU
		{6099756F-8F11-4DF0-B298-F2F259A82DD9}.Release|Any CPU.Build.0 = Release|Any CPU
	EndGlobalSection
	GlobalSection(SolutionProperties) = preSolution
		HideSolutionNode = FALSE
	EndGlobalSection
EndGlobal
