
Microsoft Visual Studio Solution File, Format Version 12.00
# Visual Studio 2012
Project("{FAE04EC0-301F-11D3-BF4B-00C04F79EFBC}") = "Deger_Dondurmeyen_Metod_Parametreli", "Deger_Dondurmeyen_Metod_Parametreli.csproj", "{9C6AE09D-EBA0-439C-A73A-0C56B809CA8E}"
EndProject
Global
	GlobalSection(SolutionConfigurationPlatforms) = preSolution
		Debug|Any CPU = Debug|Any CPU
		Release|Any CPU = Release|Any CPU
	EndGlobalSection
	GlobalSection(ProjectConfigurationPlatforms) = postSolution
		{9C6AE09D-EBA0-439C-A73A-0C56B809CA8E}.Debug|Any CPU.ActiveCfg = Debug|Any CPU
		{9C6AE09D-EBA0-439C-A73A-0C56B809CA8E}.Debug|Any CPU.Build.0 = Debug|Any CPU
		{9C6AE09D-EBA0-439C-A73A-0C56B809CA8E}.Release|Any CPU.ActiveCfg = Release|Any CPU
		{9C6AE09D-EBA0-439C-A73A-0C56B809CA8E}.Release|Any CPU.Build.0 = Release|Any CPU
	EndGlobalSection
	GlobalSection(SolutionProperties) = preSolution
		HideSolutionNode = FALSE
	EndGlobalSection
EndGlobal
