
Microsoft Visual Studio Solution File, Format Version 12.00
# Visual Studio 2012
Project("{FAE04EC0-301F-11D3-BF4B-00C04F79EFBC}") = "Konsol_Renk", "Konsol_Renk.csproj", "{96306700-9A4C-4405-BDFC-1E3AA0BBFE8D}"
EndProject
Global
	GlobalSection(SolutionConfigurationPlatforms) = preSolution
		Debug|Any CPU = Debug|Any CPU
		Release|Any CPU = Release|Any CPU
	EndGlobalSection
	GlobalSection(ProjectConfigurationPlatforms) = postSolution
		{96306700-9A4C-4405-BDFC-1E3AA0BBFE8D}.Debug|Any CPU.ActiveCfg = Debug|Any CPU
		{96306700-9A4C-4405-BDFC-1E3AA0BBFE8D}.Debug|Any CPU.Build.0 = Debug|Any CPU
		{96306700-9A4C-4405-BDFC-1E3AA0BBFE8D}.Release|Any CPU.ActiveCfg = Release|Any CPU
		{96306700-9A4C-4405-BDFC-1E3AA0BBFE8D}.Release|Any CPU.Build.0 = Release|Any CPU
	EndGlobalSection
	GlobalSection(SolutionProperties) = preSolution
		HideSolutionNode = FALSE
	EndGlobalSection
EndGlobal
