
Microsoft Visual Studio Solution File, Format Version 12.00
# Visual Studio 2012
Project("{FAE04EC0-301F-11D3-BF4B-00C04F79EFBC}") = "Task_StartNew_Delegate", "Task_StartNew_Delegate.csproj", "{7781B016-1E8B-47DC-848B-4796A5815627}"
EndProject
Global
	GlobalSection(SolutionConfigurationPlatforms) = preSolution
		Debug|Any CPU = Debug|Any CPU
		Release|Any CPU = Release|Any CPU
	EndGlobalSection
	GlobalSection(ProjectConfigurationPlatforms) = postSolution
		{7781B016-1E8B-47DC-848B-4796A5815627}.Debug|Any CPU.ActiveCfg = Debug|Any CPU
		{7781B016-1E8B-47DC-848B-4796A5815627}.Debug|Any CPU.Build.0 = Debug|Any CPU
		{7781B016-1E8B-47DC-848B-4796A5815627}.Release|Any CPU.ActiveCfg = Release|Any CPU
		{7781B016-1E8B-47DC-848B-4796A5815627}.Release|Any CPU.Build.0 = Release|Any CPU
	EndGlobalSection
	GlobalSection(SolutionProperties) = preSolution
		HideSolutionNode = FALSE
	EndGlobalSection
EndGlobal
