
Microsoft Visual Studio Solution File, Format Version 12.00
# Visual Studio 2012
Project("{FAE04EC0-301F-11D3-BF4B-00C04F79EFBC}") = "linq_giris", "linq_giris.csproj", "{03264AC6-A7DC-4F8C-9531-FAAF5AD22C22}"
EndProject
Global
	GlobalSection(SolutionConfigurationPlatforms) = preSolution
		Debug|Any CPU = Debug|Any CPU
		Release|Any CPU = Release|Any CPU
	EndGlobalSection
	GlobalSection(ProjectConfigurationPlatforms) = postSolution
		{03264AC6-A7DC-4F8C-9531-FAAF5AD22C22}.Debug|Any CPU.ActiveCfg = Debug|Any CPU
		{03264AC6-A7DC-4F8C-9531-FAAF5AD22C22}.Debug|Any CPU.Build.0 = Debug|Any CPU
		{03264AC6-A7DC-4F8C-9531-FAAF5AD22C22}.Release|Any CPU.ActiveCfg = Release|Any CPU
		{03264AC6-A7DC-4F8C-9531-FAAF5AD22C22}.Release|Any CPU.Build.0 = Release|Any CPU
	EndGlobalSection
	GlobalSection(SolutionProperties) = preSolution
		HideSolutionNode = FALSE
	EndGlobalSection
EndGlobal
