
Microsoft Visual Studio Solution File, Format Version 12.00
# Visual Studio 2012
Project("{FAE04EC0-301F-11D3-BF4B-00C04F79EFBC}") = "HashSet_InterSectWith", "HashSet_InterSectWith.csproj", "{F1ACCAB3-51B7-4ED1-A41A-0D7D5E796447}"
EndProject
Global
	GlobalSection(SolutionConfigurationPlatforms) = preSolution
		Debug|Any CPU = Debug|Any CPU
		Release|Any CPU = Release|Any CPU
	EndGlobalSection
	GlobalSection(ProjectConfigurationPlatforms) = postSolution
		{F1ACCAB3-51B7-4ED1-A41A-0D7D5E796447}.Debug|Any CPU.ActiveCfg = Debug|Any CPU
		{F1ACCAB3-51B7-4ED1-A41A-0D7D5E796447}.Debug|Any CPU.Build.0 = Debug|Any CPU
		{F1ACCAB3-51B7-4ED1-A41A-0D7D5E796447}.Release|Any CPU.ActiveCfg = Release|Any CPU
		{F1ACCAB3-51B7-4ED1-A41A-0D7D5E796447}.Release|Any CPU.Build.0 = Release|Any CPU
	EndGlobalSection
	GlobalSection(SolutionProperties) = preSolution
		HideSolutionNode = FALSE
	EndGlobalSection
EndGlobal
