
Microsoft Visual Studio Solution File, Format Version 12.00
# Visual Studio 2012
Project("{FAE04EC0-301F-11D3-BF4B-00C04F79EFBC}") = "DrawString_Format", "DrawString_Format.csproj", "{FD4FE1FD-900B-4833-BA46-4B1A1F7C88BF}"
EndProject
Global
	GlobalSection(SolutionConfigurationPlatforms) = preSolution
		Debug|Any CPU = Debug|Any CPU
		Release|Any CPU = Release|Any CPU
	EndGlobalSection
	GlobalSection(ProjectConfigurationPlatforms) = postSolution
		{FD4FE1FD-900B-4833-BA46-4B1A1F7C88BF}.Debug|Any CPU.ActiveCfg = Debug|Any CPU
		{FD4FE1FD-900B-4833-BA46-4B1A1F7C88BF}.Debug|Any CPU.Build.0 = Debug|Any CPU
		{FD4FE1FD-900B-4833-BA46-4B1A1F7C88BF}.Release|Any CPU.ActiveCfg = Release|Any CPU
		{FD4FE1FD-900B-4833-BA46-4B1A1F7C88BF}.Release|Any CPU.Build.0 = Release|Any CPU
	EndGlobalSection
	GlobalSection(SolutionProperties) = preSolution
		HideSolutionNode = FALSE
	EndGlobalSection
EndGlobal
