
Microsoft Visual Studio Solution File, Format Version 12.00
# Visual Studio 2012
Project("{FAE04EC0-301F-11D3-BF4B-00C04F79EFBC}") = "Buton_Tıklanma_Sayisi", "Buton_Tıklanma_Sayisi.csproj", "{F3DF288E-5B3C-4A4E-8E67-BE3AC3F67D7A}"
EndProject
Global
	GlobalSection(SolutionConfigurationPlatforms) = preSolution
		Debug|Any CPU = Debug|Any CPU
		Release|Any CPU = Release|Any CPU
	EndGlobalSection
	GlobalSection(ProjectConfigurationPlatforms) = postSolution
		{F3DF288E-5B3C-4A4E-8E67-BE3AC3F67D7A}.Debug|Any CPU.ActiveCfg = Debug|Any CPU
		{F3DF288E-5B3C-4A4E-8E67-BE3AC3F67D7A}.Debug|Any CPU.Build.0 = Debug|Any CPU
		{F3DF288E-5B3C-4A4E-8E67-BE3AC3F67D7A}.Release|Any CPU.ActiveCfg = Release|Any CPU
		{F3DF288E-5B3C-4A4E-8E67-BE3AC3F67D7A}.Release|Any CPU.Build.0 = Release|Any CPU
	EndGlobalSection
	GlobalSection(SolutionProperties) = preSolution
		HideSolutionNode = FALSE
	EndGlobalSection
EndGlobal
