
Microsoft Visual Studio Solution File, Format Version 12.00
# Visual Studio 2012
Project("{FAE04EC0-301F-11D3-BF4B-00C04F79EFBC}") = "File_WriteAll", "File_WriteAll.csproj", "{6277EFE4-3E2B-476D-BF3F-08BB9C586815}"
EndProject
Global
	GlobalSection(SolutionConfigurationPlatforms) = preSolution
		Debug|Any CPU = Debug|Any CPU
		Release|Any CPU = Release|Any CPU
	EndGlobalSection
	GlobalSection(ProjectConfigurationPlatforms) = postSolution
		{6277EFE4-3E2B-476D-BF3F-08BB9C586815}.Debug|Any CPU.ActiveCfg = Debug|Any CPU
		{6277EFE4-3E2B-476D-BF3F-08BB9C586815}.Debug|Any CPU.Build.0 = Debug|Any CPU
		{6277EFE4-3E2B-476D-BF3F-08BB9C586815}.Release|Any CPU.ActiveCfg = Release|Any CPU
		{6277EFE4-3E2B-476D-BF3F-08BB9C586815}.Release|Any CPU.Build.0 = Release|Any CPU
	EndGlobalSection
	GlobalSection(SolutionProperties) = preSolution
		HideSolutionNode = FALSE
	EndGlobalSection
EndGlobal
