
Microsoft Visual Studio Solution File, Format Version 12.00
# Visual Studio 2012
Project("{FAE04EC0-301F-11D3-BF4B-00C04F79EFBC}") = "ArrayList_CopyTo", "ArrayList_CopyTo\ArrayList_CopyTo.csproj", "{2C0B90EF-C485-4E08-997B-85672B0251FC}"
EndProject
Global
	GlobalSection(SolutionConfigurationPlatforms) = preSolution
		Debug|Any CPU = Debug|Any CPU
		Release|Any CPU = Release|Any CPU
	EndGlobalSection
	GlobalSection(ProjectConfigurationPlatforms) = postSolution
		{2C0B90EF-C485-4E08-997B-85672B0251FC}.Debug|Any CPU.ActiveCfg = Debug|Any CPU
		{2C0B90EF-C485-4E08-997B-85672B0251FC}.Debug|Any CPU.Build.0 = Debug|Any CPU
		{2C0B90EF-C485-4E08-997B-85672B0251FC}.Release|Any CPU.ActiveCfg = Release|Any CPU
		{2C0B90EF-C485-4E08-997B-85672B0251FC}.Release|Any CPU.Build.0 = Release|Any CPU
	EndGlobalSection
	GlobalSection(SolutionProperties) = preSolution
		HideSolutionNode = FALSE
	EndGlobalSection
EndGlobal
