
Microsoft Visual Studio Solution File, Format Version 12.00
# Visual Studio 2012
Project("{FAE04EC0-301F-11D3-BF4B-00C04F79EFBC}") = "implicit(kapalı)_donusum", "implicit(kapalı)_donusum.csproj", "{8DDC3432-9B34-4FFF-8C29-36766F9AE533}"
EndProject
Global
	GlobalSection(SolutionConfigurationPlatforms) = preSolution
		Debug|Any CPU = Debug|Any CPU
		Release|Any CPU = Release|Any CPU
	EndGlobalSection
	GlobalSection(ProjectConfigurationPlatforms) = postSolution
		{8DDC3432-9B34-4FFF-8C29-36766F9AE533}.Debug|Any CPU.ActiveCfg = Debug|Any CPU
		{8DDC3432-9B34-4FFF-8C29-36766F9AE533}.Debug|Any CPU.Build.0 = Debug|Any CPU
		{8DDC3432-9B34-4FFF-8C29-36766F9AE533}.Release|Any CPU.ActiveCfg = Release|Any CPU
		{8DDC3432-9B34-4FFF-8C29-36766F9AE533}.Release|Any CPU.Build.0 = Release|Any CPU
	EndGlobalSection
	GlobalSection(SolutionProperties) = preSolution
		HideSolutionNode = FALSE
	EndGlobalSection
EndGlobal
