
Microsoft Visual Studio Solution File, Format Version 12.00
# Visual Studio 2012
Project("{FAE04EC0-301F-11D3-BF4B-00C04F79EFBC}") = "enum_erisim", "enum_erisim.csproj", "{ADEA976F-F196-468F-99A2-F1E6945FCAEA}"
EndProject
Global
	GlobalSection(SolutionConfigurationPlatforms) = preSolution
		Debug|Any CPU = Debug|Any CPU
		Release|Any CPU = Release|Any CPU
	EndGlobalSection
	GlobalSection(ProjectConfigurationPlatforms) = postSolution
		{ADEA976F-F196-468F-99A2-F1E6945FCAEA}.Debug|Any CPU.ActiveCfg = Debug|Any CPU
		{ADEA976F-F196-468F-99A2-F1E6945FCAEA}.Debug|Any CPU.Build.0 = Debug|Any CPU
		{ADEA976F-F196-468F-99A2-F1E6945FCAEA}.Release|Any CPU.ActiveCfg = Release|Any CPU
		{ADEA976F-F196-468F-99A2-F1E6945FCAEA}.Release|Any CPU.Build.0 = Release|Any CPU
	EndGlobalSection
	GlobalSection(SolutionProperties) = preSolution
		HideSolutionNode = FALSE
	EndGlobalSection
EndGlobal
