
Microsoft Visual Studio Solution File, Format Version 12.00
# Visual Studio 2012
Project("{FAE04EC0-301F-11D3-BF4B-00C04F79EFBC}") = "InputBox_CancelButton", "InputBox_CancelButton.csproj", "{52A521C8-4BD3-4B60-A5CC-CAA1FF5FCAE9}"
EndProject
Global
	GlobalSection(SolutionConfigurationPlatforms) = preSolution
		Debug|Any CPU = Debug|Any CPU
		Release|Any CPU = Release|Any CPU
	EndGlobalSection
	GlobalSection(ProjectConfigurationPlatforms) = postSolution
		{52A521C8-4BD3-4B60-A5CC-CAA1FF5FCAE9}.Debug|Any CPU.ActiveCfg = Debug|Any CPU
		{52A521C8-4BD3-4B60-A5CC-CAA1FF5FCAE9}.Debug|Any CPU.Build.0 = Debug|Any CPU
		{52A521C8-4BD3-4B60-A5CC-CAA1FF5FCAE9}.Release|Any CPU.ActiveCfg = Release|Any CPU
		{52A521C8-4BD3-4B60-A5CC-CAA1FF5FCAE9}.Release|Any CPU.Build.0 = Release|Any CPU
	EndGlobalSection
	GlobalSection(SolutionProperties) = preSolution
		HideSolutionNode = FALSE
	EndGlobalSection
EndGlobal
