
Microsoft Visual Studio Solution File, Format Version 12.00
# Visual Studio 2012
Project("{FAE04EC0-301F-11D3-BF4B-00C04F79EFBC}") = "foreach_isimdizisi", "foreach_isimdizisi.csproj", "{EE1B846B-4426-4FE5-8707-AFD420C01196}"
EndProject
Global
	GlobalSection(SolutionConfigurationPlatforms) = preSolution
		Debug|Any CPU = Debug|Any CPU
		Release|Any CPU = Release|Any CPU
	EndGlobalSection
	GlobalSection(ProjectConfigurationPlatforms) = postSolution
		{EE1B846B-4426-4FE5-8707-AFD420C01196}.Debug|Any CPU.ActiveCfg = Debug|Any CPU
		{EE1B846B-4426-4FE5-8707-AFD420C01196}.Debug|Any CPU.Build.0 = Debug|Any CPU
		{EE1B846B-4426-4FE5-8707-AFD420C01196}.Release|Any CPU.ActiveCfg = Release|Any CPU
		{EE1B846B-4426-4FE5-8707-AFD420C01196}.Release|Any CPU.Build.0 = Release|Any CPU
	EndGlobalSection
	GlobalSection(SolutionProperties) = preSolution
		HideSolutionNode = FALSE
	EndGlobalSection
EndGlobal
