
Microsoft Visual Studio Solution File, Format Version 12.00
# Visual Studio 2012
Project("{FAE04EC0-301F-11D3-BF4B-00C04F79EFBC}") = "for_10aKadarSayma_Artan", "for_10aKadarSayma_Artan.csproj", "{B6945817-8F82-4E46-8E56-7E94D1A292CA}"
EndProject
Global
	GlobalSection(SolutionConfigurationPlatforms) = preSolution
		Debug|Any CPU = Debug|Any CPU
		Release|Any CPU = Release|Any CPU
	EndGlobalSection
	GlobalSection(ProjectConfigurationPlatforms) = postSolution
		{B6945817-8F82-4E46-8E56-7E94D1A292CA}.Debug|Any CPU.ActiveCfg = Debug|Any CPU
		{B6945817-8F82-4E46-8E56-7E94D1A292CA}.Debug|Any CPU.Build.0 = Debug|Any CPU
		{B6945817-8F82-4E46-8E56-7E94D1A292CA}.Release|Any CPU.ActiveCfg = Release|Any CPU
		{B6945817-8F82-4E46-8E56-7E94D1A292CA}.Release|Any CPU.Build.0 = Release|Any CPU
	EndGlobalSection
	GlobalSection(SolutionProperties) = preSolution
		HideSolutionNode = FALSE
	EndGlobalSection
EndGlobal
