
Microsoft Visual Studio Solution File, Format Version 12.00
# Visual Studio 2012
Project("{FAE04EC0-301F-11D3-BF4B-00C04F79EFBC}") = "OrderedDictionary_Remove_RemoveAt", "OrderedDictionary_Remove_RemoveAt.csproj", "{BF877DBA-2B5E-4D44-98CA-2C15E3090BA0}"
EndProject
Global
	GlobalSection(SolutionConfigurationPlatforms) = preSolution
		Debug|Any CPU = Debug|Any CPU
		Release|Any CPU = Release|Any CPU
	EndGlobalSection
	GlobalSection(ProjectConfigurationPlatforms) = postSolution
		{BF877DBA-2B5E-4D44-98CA-2C15E3090BA0}.Debug|Any CPU.ActiveCfg = Debug|Any CPU
		{BF877DBA-2B5E-4D44-98CA-2C15E3090BA0}.Debug|Any CPU.Build.0 = Debug|Any CPU
		{BF877DBA-2B5E-4D44-98CA-2C15E3090BA0}.Release|Any CPU.ActiveCfg = Release|Any CPU
		{BF877DBA-2B5E-4D44-98CA-2C15E3090BA0}.Release|Any CPU.Build.0 = Release|Any CPU
	EndGlobalSection
	GlobalSection(SolutionProperties) = preSolution
		HideSolutionNode = FALSE
	EndGlobalSection
EndGlobal
