
Microsoft Visual Studio Solution File, Format Version 12.00
# Visual Studio 2012
Project("{FAE04EC0-301F-11D3-BF4B-00C04F79EFBC}") = "Parallel_For", "Parallel_For.csproj", "{92C7EDD5-015C-489D-864F-87675C41323F}"
EndProject
Global
	GlobalSection(SolutionConfigurationPlatforms) = preSolution
		Debug|Any CPU = Debug|Any CPU
		Release|Any CPU = Release|Any CPU
	EndGlobalSection
	GlobalSection(ProjectConfigurationPlatforms) = postSolution
		{92C7EDD5-015C-489D-864F-87675C41323F}.Debug|Any CPU.ActiveCfg = Debug|Any CPU
		{92C7EDD5-015C-489D-864F-87675C41323F}.Debug|Any CPU.Build.0 = Debug|Any CPU
		{92C7EDD5-015C-489D-864F-87675C41323F}.Release|Any CPU.ActiveCfg = Release|Any CPU
		{92C7EDD5-015C-489D-864F-87675C41323F}.Release|Any CPU.Build.0 = Release|Any CPU
	EndGlobalSection
	GlobalSection(SolutionProperties) = preSolution
		HideSolutionNode = FALSE
	EndGlobalSection
EndGlobal
