
Microsoft Visual Studio Solution File, Format Version 12.00
# Visual Studio 2012
Project("{FAE04EC0-301F-11D3-BF4B-00C04F79EFBC}") = "Convert_ToInt32", "Convert_ToInt32.csproj", "{425615D0-BB06-43BC-9C1F-C4D744821DFF}"
EndProject
Global
	GlobalSection(SolutionConfigurationPlatforms) = preSolution
		Debug|Any CPU = Debug|Any CPU
		Release|Any CPU = Release|Any CPU
	EndGlobalSection
	GlobalSection(ProjectConfigurationPlatforms) = postSolution
		{425615D0-BB06-43BC-9C1F-C4D744821DFF}.Debug|Any CPU.ActiveCfg = Debug|Any CPU
		{425615D0-BB06-43BC-9C1F-C4D744821DFF}.Debug|Any CPU.Build.0 = Debug|Any CPU
		{425615D0-BB06-43BC-9C1F-C4D744821DFF}.Release|Any CPU.ActiveCfg = Release|Any CPU
		{425615D0-BB06-43BC-9C1F-C4D744821DFF}.Release|Any CPU.Build.0 = Release|Any CPU
	EndGlobalSection
	GlobalSection(SolutionProperties) = preSolution
		HideSolutionNode = FALSE
	EndGlobalSection
EndGlobal
