
Microsoft Visual Studio Solution File, Format Version 12.00
# Visual Studio 2012
Project("{FAE04EC0-301F-11D3-BF4B-00C04F79EFBC}") = "LinkLabel_Kontrolu", "LinkLabel_Kontrolu.csproj", "{50EBAAB0-177D-4CF9-91D0-68FEF09D06EC}"
EndProject
Global
	GlobalSection(SolutionConfigurationPlatforms) = preSolution
		Debug|Any CPU = Debug|Any CPU
		Release|Any CPU = Release|Any CPU
	EndGlobalSection
	GlobalSection(ProjectConfigurationPlatforms) = postSolution
		{50EBAAB0-177D-4CF9-91D0-68FEF09D06EC}.Debug|Any CPU.ActiveCfg = Debug|Any CPU
		{50EBAAB0-177D-4CF9-91D0-68FEF09D06EC}.Debug|Any CPU.Build.0 = Debug|Any CPU
		{50EBAAB0-177D-4CF9-91D0-68FEF09D06EC}.Release|Any CPU.ActiveCfg = Release|Any CPU
		{50EBAAB0-177D-4CF9-91D0-68FEF09D06EC}.Release|Any CPU.Build.0 = Release|Any CPU
	EndGlobalSection
	GlobalSection(SolutionProperties) = preSolution
		HideSolutionNode = FALSE
	EndGlobalSection
EndGlobal
