
Microsoft Visual Studio Solution File, Format Version 12.00
# Visual Studio 2012
Project("{FAE04EC0-301F-11D3-BF4B-00C04F79EFBC}") = "Konsol_KeyInfo_TusBilgisi", "Konsol_KeyInfo_TusBilgisi.csproj", "{8FD444A9-3D87-4390-8B12-4632BD5B348E}"
EndProject
Global
	GlobalSection(SolutionConfigurationPlatforms) = preSolution
		Debug|Any CPU = Debug|Any CPU
		Release|Any CPU = Release|Any CPU
	EndGlobalSection
	GlobalSection(ProjectConfigurationPlatforms) = postSolution
		{8FD444A9-3D87-4390-8B12-4632BD5B348E}.Debug|Any CPU.ActiveCfg = Debug|Any CPU
		{8FD444A9-3D87-4390-8B12-4632BD5B348E}.Debug|Any CPU.Build.0 = Debug|Any CPU
		{8FD444A9-3D87-4390-8B12-4632BD5B348E}.Release|Any CPU.ActiveCfg = Release|Any CPU
		{8FD444A9-3D87-4390-8B12-4632BD5B348E}.Release|Any CPU.Build.0 = Release|Any CPU
	EndGlobalSection
	GlobalSection(SolutionProperties) = preSolution
		HideSolutionNode = FALSE
	EndGlobalSection
EndGlobal
