
Microsoft Visual Studio Solution File, Format Version 12.00
# Visual Studio 2012
Project("{FAE04EC0-301F-11D3-BF4B-00C04F79EFBC}") = "Operator_islem_onceligi", "Operator_islem_onceligi.csproj", "{F027A8F4-DE98-4654-A2E5-4C389BA5B68C}"
EndProject
Global
	GlobalSection(SolutionConfigurationPlatforms) = preSolution
		Debug|Any CPU = Debug|Any CPU
		Release|Any CPU = Release|Any CPU
	EndGlobalSection
	GlobalSection(ProjectConfigurationPlatforms) = postSolution
		{F027A8F4-DE98-4654-A2E5-4C389BA5B68C}.Debug|Any CPU.ActiveCfg = Debug|Any CPU
		{F027A8F4-DE98-4654-A2E5-4C389BA5B68C}.Debug|Any CPU.Build.0 = Debug|Any CPU
		{F027A8F4-DE98-4654-A2E5-4C389BA5B68C}.Release|Any CPU.ActiveCfg = Release|Any CPU
		{F027A8F4-DE98-4654-A2E5-4C389BA5B68C}.Release|Any CPU.Build.0 = Release|Any CPU
	EndGlobalSection
	GlobalSection(SolutionProperties) = preSolution
		HideSolutionNode = FALSE
	EndGlobalSection
EndGlobal
