
Microsoft Visual Studio Solution File, Format Version 12.00
# Visual Studio 2012
Project("{FAE04EC0-301F-11D3-BF4B-00C04F79EFBC}") = "ArrayList_Insert", "ArrayList_Insert\ArrayList_Insert.csproj", "{BCE3C3A5-511C-4FF2-926B-DC7AA1DC5CCF}"
EndProject
Global
	GlobalSection(SolutionConfigurationPlatforms) = preSolution
		Debug|Any CPU = Debug|Any CPU
		Release|Any CPU = Release|Any CPU
	EndGlobalSection
	GlobalSection(ProjectConfigurationPlatforms) = postSolution
		{BCE3C3A5-511C-4FF2-926B-DC7AA1DC5CCF}.Debug|Any CPU.ActiveCfg = Debug|Any CPU
		{BCE3C3A5-511C-4FF2-926B-DC7AA1DC5CCF}.Debug|Any CPU.Build.0 = Debug|Any CPU
		{BCE3C3A5-511C-4FF2-926B-DC7AA1DC5CCF}.Release|Any CPU.ActiveCfg = Release|Any CPU
		{BCE3C3A5-511C-4FF2-926B-DC7AA1DC5CCF}.Release|Any CPU.Build.0 = Release|Any CPU
	EndGlobalSection
	GlobalSection(SolutionProperties) = preSolution
		HideSolutionNode = FALSE
	EndGlobalSection
EndGlobal
