
Microsoft Visual Studio Solution File, Format Version 12.00
# Visual Studio 2012
Project("{FAE04EC0-301F-11D3-BF4B-00C04F79EFBC}") = "IE_Versiyon", "IE_Versiyon.csproj", "{6DA24191-B6E0-4F07-B289-92A9351235BC}"
EndProject
Global
	GlobalSection(SolutionConfigurationPlatforms) = preSolution
		Debug|Any CPU = Debug|Any CPU
		Release|Any CPU = Release|Any CPU
	EndGlobalSection
	GlobalSection(ProjectConfigurationPlatforms) = postSolution
		{6DA24191-B6E0-4F07-B289-92A9351235BC}.Debug|Any CPU.ActiveCfg = Debug|Any CPU
		{6DA24191-B6E0-4F07-B289-92A9351235BC}.Debug|Any CPU.Build.0 = Debug|Any CPU
		{6DA24191-B6E0-4F07-B289-92A9351235BC}.Release|Any CPU.ActiveCfg = Release|Any CPU
		{6DA24191-B6E0-4F07-B289-92A9351235BC}.Release|Any CPU.Build.0 = Release|Any CPU
	EndGlobalSection
	GlobalSection(SolutionProperties) = preSolution
		HideSolutionNode = FALSE
	EndGlobalSection
EndGlobal
