
Microsoft Visual Studio Solution File, Format Version 12.00
# Visual Studio 2012
Project("{FAE04EC0-301F-11D3-BF4B-00C04F79EFBC}") = "IsolatedStorageFile_DosyaOlusturma", "IsolatedStorageFile_DosyaOlusturma.csproj", "{20A18F3B-0525-4234-B3C9-361A210B34A5}"
EndProject
Global
	GlobalSection(SolutionConfigurationPlatforms) = preSolution
		Debug|Any CPU = Debug|Any CPU
		Release|Any CPU = Release|Any CPU
	EndGlobalSection
	GlobalSection(ProjectConfigurationPlatforms) = postSolution
		{20A18F3B-0525-4234-B3C9-361A210B34A5}.Debug|Any CPU.ActiveCfg = Debug|Any CPU
		{20A18F3B-0525-4234-B3C9-361A210B34A5}.Debug|Any CPU.Build.0 = Debug|Any CPU
		{20A18F3B-0525-4234-B3C9-361A210B34A5}.Release|Any CPU.ActiveCfg = Release|Any CPU
		{20A18F3B-0525-4234-B3C9-361A210B34A5}.Release|Any CPU.Build.0 = Release|Any CPU
	EndGlobalSection
	GlobalSection(SolutionProperties) = preSolution
		HideSolutionNode = FALSE
	EndGlobalSection
EndGlobal
