
Microsoft Visual Studio Solution File, Format Version 12.00
# Visual Studio 2012
Project("{FAE04EC0-301F-11D3-BF4B-00C04F79EFBC}") = "while_do", "while_do.csproj", "{FAEA3AAE-9A4B-475F-9A3D-75E7DC40D0CE}"
EndProject
Global
	GlobalSection(SolutionConfigurationPlatforms) = preSolution
		Debug|Any CPU = Debug|Any CPU
		Release|Any CPU = Release|Any CPU
	EndGlobalSection
	GlobalSection(ProjectConfigurationPlatforms) = postSolution
		{FAEA3AAE-9A4B-475F-9A3D-75E7DC40D0CE}.Debug|Any CPU.ActiveCfg = Debug|Any CPU
		{FAEA3AAE-9A4B-475F-9A3D-75E7DC40D0CE}.Debug|Any CPU.Build.0 = Debug|Any CPU
		{FAEA3AAE-9A4B-475F-9A3D-75E7DC40D0CE}.Release|Any CPU.ActiveCfg = Release|Any CPU
		{FAEA3AAE-9A4B-475F-9A3D-75E7DC40D0CE}.Release|Any CPU.Build.0 = Release|Any CPU
	EndGlobalSection
	GlobalSection(SolutionProperties) = preSolution
		HideSolutionNode = FALSE
	EndGlobalSection
EndGlobal
