
Microsoft Visual Studio Solution File, Format Version 12.00
# Visual Studio 2012
Project("{FAE04EC0-301F-11D3-BF4B-00C04F79EFBC}") = "if_sayi_tahmin", "if_sayi_tahmin.csproj", "{C46D6335-64B6-425C-96AB-F4808A17F63F}"
EndProject
Global
	GlobalSection(SolutionConfigurationPlatforms) = preSolution
		Debug|Any CPU = Debug|Any CPU
		Release|Any CPU = Release|Any CPU
	EndGlobalSection
	GlobalSection(ProjectConfigurationPlatforms) = postSolution
		{C46D6335-64B6-425C-96AB-F4808A17F63F}.Debug|Any CPU.ActiveCfg = Debug|Any CPU
		{C46D6335-64B6-425C-96AB-F4808A17F63F}.Debug|Any CPU.Build.0 = Debug|Any CPU
		{C46D6335-64B6-425C-96AB-F4808A17F63F}.Release|Any CPU.ActiveCfg = Release|Any CPU
		{C46D6335-64B6-425C-96AB-F4808A17F63F}.Release|Any CPU.Build.0 = Release|Any CPU
	EndGlobalSection
	GlobalSection(SolutionProperties) = preSolution
		HideSolutionNode = FALSE
	EndGlobalSection
EndGlobal
