
Microsoft Visual Studio Solution File, Format Version 12.00
# Visual Studio 2012
Project("{FAE04EC0-301F-11D3-BF4B-00C04F79EFBC}") = "not_5likSistem", "not_5likSistem.csproj", "{0A0AF890-F720-4F97-ABE7-9C6B0250978A}"
EndProject
Global
	GlobalSection(SolutionConfigurationPlatforms) = preSolution
		Debug|Any CPU = Debug|Any CPU
		Release|Any CPU = Release|Any CPU
	EndGlobalSection
	GlobalSection(ProjectConfigurationPlatforms) = postSolution
		{0A0AF890-F720-4F97-ABE7-9C6B0250978A}.Debug|Any CPU.ActiveCfg = Debug|Any CPU
		{0A0AF890-F720-4F97-ABE7-9C6B0250978A}.Debug|Any CPU.Build.0 = Debug|Any CPU
		{0A0AF890-F720-4F97-ABE7-9C6B0250978A}.Release|Any CPU.ActiveCfg = Release|Any CPU
		{0A0AF890-F720-4F97-ABE7-9C6B0250978A}.Release|Any CPU.Build.0 = Release|Any CPU
	EndGlobalSection
	GlobalSection(SolutionProperties) = preSolution
		HideSolutionNode = FALSE
	EndGlobalSection
EndGlobal
