
Microsoft Visual Studio Solution File, Format Version 12.00
# Visual Studio 2012
Project("{FAE04EC0-301F-11D3-BF4B-00C04F79EFBC}") = "TimeSpan_Subtract", "TimeSpan_Subtract.csproj", "{CA7D2F5A-ADF6-414C-A2CE-11DB1665ACF1}"
EndProject
Global
	GlobalSection(SolutionConfigurationPlatforms) = preSolution
		Debug|Any CPU = Debug|Any CPU
		Release|Any CPU = Release|Any CPU
	EndGlobalSection
	GlobalSection(ProjectConfigurationPlatforms) = postSolution
		{CA7D2F5A-ADF6-414C-A2CE-11DB1665ACF1}.Debug|Any CPU.ActiveCfg = Debug|Any CPU
		{CA7D2F5A-ADF6-414C-A2CE-11DB1665ACF1}.Debug|Any CPU.Build.0 = Debug|Any CPU
		{CA7D2F5A-ADF6-414C-A2CE-11DB1665ACF1}.Release|Any CPU.ActiveCfg = Release|Any CPU
		{CA7D2F5A-ADF6-414C-A2CE-11DB1665ACF1}.Release|Any CPU.Build.0 = Release|Any CPU
	EndGlobalSection
	GlobalSection(SolutionProperties) = preSolution
		HideSolutionNode = FALSE
	EndGlobalSection
EndGlobal
