
Microsoft Visual Studio Solution File, Format Version 12.00
# Visual Studio 2012
Project("{FAE04EC0-301F-11D3-BF4B-00C04F79EFBC}") = "Resource_Ekleme_Okuma", "Resource_Ekleme_Okuma.csproj", "{F5F1FAC2-06B4-4842-9A79-D49E6ED73565}"
EndProject
Global
	GlobalSection(SolutionConfigurationPlatforms) = preSolution
		Debug|Any CPU = Debug|Any CPU
		Release|Any CPU = Release|Any CPU
	EndGlobalSection
	GlobalSection(ProjectConfigurationPlatforms) = postSolution
		{F5F1FAC2-06B4-4842-9A79-D49E6ED73565}.Debug|Any CPU.ActiveCfg = Debug|Any CPU
		{F5F1FAC2-06B4-4842-9A79-D49E6ED73565}.Debug|Any CPU.Build.0 = Debug|Any CPU
		{F5F1FAC2-06B4-4842-9A79-D49E6ED73565}.Release|Any CPU.ActiveCfg = Release|Any CPU
		{F5F1FAC2-06B4-4842-9A79-D49E6ED73565}.Release|Any CPU.Build.0 = Release|Any CPU
	EndGlobalSection
	GlobalSection(SolutionProperties) = preSolution
		HideSolutionNode = FALSE
	EndGlobalSection
EndGlobal
