
Microsoft Visual Studio Solution File, Format Version 12.00
# Visual Studio 2012
Project("{FAE04EC0-301F-11D3-BF4B-00C04F79EFBC}") = "Numerics_Complex", "Numerics_Complex.csproj", "{361BE7D5-8FB2-41B6-9A7D-9C382CC014E3}"
EndProject
Global
	GlobalSection(SolutionConfigurationPlatforms) = preSolution
		Debug|Any CPU = Debug|Any CPU
		Release|Any CPU = Release|Any CPU
	EndGlobalSection
	GlobalSection(ProjectConfigurationPlatforms) = postSolution
		{361BE7D5-8FB2-41B6-9A7D-9C382CC014E3}.Debug|Any CPU.ActiveCfg = Debug|Any CPU
		{361BE7D5-8FB2-41B6-9A7D-9C382CC014E3}.Debug|Any CPU.Build.0 = Debug|Any CPU
		{361BE7D5-8FB2-41B6-9A7D-9C382CC014E3}.Release|Any CPU.ActiveCfg = Release|Any CPU
		{361BE7D5-8FB2-41B6-9A7D-9C382CC014E3}.Release|Any CPU.Build.0 = Release|Any CPU
	EndGlobalSection
	GlobalSection(SolutionProperties) = preSolution
		HideSolutionNode = FALSE
	EndGlobalSection
EndGlobal
