
Microsoft Visual Studio Solution File, Format Version 12.00
# Visual Studio 2012
Project("{FAE04EC0-301F-11D3-BF4B-00C04F79EFBC}") = "ArrayList_RemoveRange", "ArrayList_RemoveRange\ArrayList_RemoveRange.csproj", "{A007DFC9-95E6-4745-908F-8077AF07E54E}"
EndProject
Global
	GlobalSection(SolutionConfigurationPlatforms) = preSolution
		Debug|Any CPU = Debug|Any CPU
		Release|Any CPU = Release|Any CPU
	EndGlobalSection
	GlobalSection(ProjectConfigurationPlatforms) = postSolution
		{A007DFC9-95E6-4745-908F-8077AF07E54E}.Debug|Any CPU.ActiveCfg = Debug|Any CPU
		{A007DFC9-95E6-4745-908F-8077AF07E54E}.Debug|Any CPU.Build.0 = Debug|Any CPU
		{A007DFC9-95E6-4745-908F-8077AF07E54E}.Release|Any CPU.ActiveCfg = Release|Any CPU
		{A007DFC9-95E6-4745-908F-8077AF07E54E}.Release|Any CPU.Build.0 = Release|Any CPU
	EndGlobalSection
	GlobalSection(SolutionProperties) = preSolution
		HideSolutionNode = FALSE
	EndGlobalSection
EndGlobal
