
Microsoft Visual Studio Solution File, Format Version 12.00
# Visual Studio 2012
Project("{FAE04EC0-301F-11D3-BF4B-00C04F79EFBC}") = "while_0dan10aYazdirma", "while_0dan10aYazdirma.csproj", "{1FB50463-4B13-4D9F-BBFD-BCE63CD8C5ED}"
EndProject
Global
	GlobalSection(SolutionConfigurationPlatforms) = preSolution
		Debug|Any CPU = Debug|Any CPU
		Release|Any CPU = Release|Any CPU
	EndGlobalSection
	GlobalSection(ProjectConfigurationPlatforms) = postSolution
		{1FB50463-4B13-4D9F-BBFD-BCE63CD8C5ED}.Debug|Any CPU.ActiveCfg = Debug|Any CPU
		{1FB50463-4B13-4D9F-BBFD-BCE63CD8C5ED}.Debug|Any CPU.Build.0 = Debug|Any CPU
		{1FB50463-4B13-4D9F-BBFD-BCE63CD8C5ED}.Release|Any CPU.ActiveCfg = Release|Any CPU
		{1FB50463-4B13-4D9F-BBFD-BCE63CD8C5ED}.Release|Any CPU.Build.0 = Release|Any CPU
	EndGlobalSection
	GlobalSection(SolutionProperties) = preSolution
		HideSolutionNode = FALSE
	EndGlobalSection
EndGlobal
