
Microsoft Visual Studio Solution File, Format Version 12.00
# Visual Studio 2012
Project("{FAE04EC0-301F-11D3-BF4B-00C04F79EFBC}") = "Konsol_Cikis", "Konsol_Cikis.csproj", "{04770CA7-4C90-4AFE-87E7-8EA686CED538}"
EndProject
Global
	GlobalSection(SolutionConfigurationPlatforms) = preSolution
		Debug|Any CPU = Debug|Any CPU
		Release|Any CPU = Release|Any CPU
	EndGlobalSection
	GlobalSection(ProjectConfigurationPlatforms) = postSolution
		{04770CA7-4C90-4AFE-87E7-8EA686CED538}.Debug|Any CPU.ActiveCfg = Debug|Any CPU
		{04770CA7-4C90-4AFE-87E7-8EA686CED538}.Debug|Any CPU.Build.0 = Debug|Any CPU
		{04770CA7-4C90-4AFE-87E7-8EA686CED538}.Release|Any CPU.ActiveCfg = Release|Any CPU
		{04770CA7-4C90-4AFE-87E7-8EA686CED538}.Release|Any CPU.Build.0 = Release|Any CPU
	EndGlobalSection
	GlobalSection(SolutionProperties) = preSolution
		HideSolutionNode = FALSE
	EndGlobalSection
EndGlobal
