
Microsoft Visual Studio Solution File, Format Version 12.00
# Visual Studio 2012
Project("{FAE04EC0-301F-11D3-BF4B-00C04F79EFBC}") = "Ayar_Okuma", "Ayar_Okuma.csproj", "{2316FDD1-FF76-487B-84EB-B69609D4308B}"
EndProject
Global
	GlobalSection(SolutionConfigurationPlatforms) = preSolution
		Debug|Any CPU = Debug|Any CPU
		Release|Any CPU = Release|Any CPU
	EndGlobalSection
	GlobalSection(ProjectConfigurationPlatforms) = postSolution
		{2316FDD1-FF76-487B-84EB-B69609D4308B}.Debug|Any CPU.ActiveCfg = Debug|Any CPU
		{2316FDD1-FF76-487B-84EB-B69609D4308B}.Debug|Any CPU.Build.0 = Debug|Any CPU
		{2316FDD1-FF76-487B-84EB-B69609D4308B}.Release|Any CPU.ActiveCfg = Release|Any CPU
		{2316FDD1-FF76-487B-84EB-B69609D4308B}.Release|Any CPU.Build.0 = Release|Any CPU
	EndGlobalSection
	GlobalSection(SolutionProperties) = preSolution
		HideSolutionNode = FALSE
	EndGlobalSection
EndGlobal
