
Microsoft Visual Studio Solution File, Format Version 12.00
# Visual Studio 2012
Project("{FAE04EC0-301F-11D3-BF4B-00C04F79EFBC}") = "Operator_Uzaklasma", "Operator_Uzaklasma.csproj", "{9CAD5DD9-879A-40D9-9449-9580F219EB8E}"
EndProject
Global
	GlobalSection(SolutionConfigurationPlatforms) = preSolution
		Debug|Any CPU = Debug|Any CPU
		Release|Any CPU = Release|Any CPU
	EndGlobalSection
	GlobalSection(ProjectConfigurationPlatforms) = postSolution
		{9CAD5DD9-879A-40D9-9449-9580F219EB8E}.Debug|Any CPU.ActiveCfg = Debug|Any CPU
		{9CAD5DD9-879A-40D9-9449-9580F219EB8E}.Debug|Any CPU.Build.0 = Debug|Any CPU
		{9CAD5DD9-879A-40D9-9449-9580F219EB8E}.Release|Any CPU.ActiveCfg = Release|Any CPU
		{9CAD5DD9-879A-40D9-9449-9580F219EB8E}.Release|Any CPU.Build.0 = Release|Any CPU
	EndGlobalSection
	GlobalSection(SolutionProperties) = preSolution
		HideSolutionNode = FALSE
	EndGlobalSection
EndGlobal
