
Microsoft Visual Studio Solution File, Format Version 12.00
# Visual Studio 2012
Project("{FAE04EC0-301F-11D3-BF4B-00C04F79EFBC}") = "Regex_Matches_Count", "Regex_Matches_Count.csproj", "{DE9A2B7C-2D61-45D6-9938-F6D5B46A984D}"
EndProject
Global
	GlobalSection(SolutionConfigurationPlatforms) = preSolution
		Debug|Any CPU = Debug|Any CPU
		Release|Any CPU = Release|Any CPU
	EndGlobalSection
	GlobalSection(ProjectConfigurationPlatforms) = postSolution
		{DE9A2B7C-2D61-45D6-9938-F6D5B46A984D}.Debug|Any CPU.ActiveCfg = Debug|Any CPU
		{DE9A2B7C-2D61-45D6-9938-F6D5B46A984D}.Debug|Any CPU.Build.0 = Debug|Any CPU
		{DE9A2B7C-2D61-45D6-9938-F6D5B46A984D}.Release|Any CPU.ActiveCfg = Release|Any CPU
		{DE9A2B7C-2D61-45D6-9938-F6D5B46A984D}.Release|Any CPU.Build.0 = Release|Any CPU
	EndGlobalSection
	GlobalSection(SolutionProperties) = preSolution
		HideSolutionNode = FALSE
	EndGlobalSection
EndGlobal
