
Microsoft Visual Studio Solution File, Format Version 12.00
# Visual Studio 2012
Project("{FAE04EC0-301F-11D3-BF4B-00C04F79EFBC}") = "listView_Kontrolu", "listView_Kontrolu.csproj", "{DC729AF5-A539-4CCE-B458-E108982EEE38}"
EndProject
Global
	GlobalSection(SolutionConfigurationPlatforms) = preSolution
		Debug|Any CPU = Debug|Any CPU
		Release|Any CPU = Release|Any CPU
	EndGlobalSection
	GlobalSection(ProjectConfigurationPlatforms) = postSolution
		{DC729AF5-A539-4CCE-B458-E108982EEE38}.Debug|Any CPU.ActiveCfg = Debug|Any CPU
		{DC729AF5-A539-4CCE-B458-E108982EEE38}.Debug|Any CPU.Build.0 = Debug|Any CPU
		{DC729AF5-A539-4CCE-B458-E108982EEE38}.Release|Any CPU.ActiveCfg = Release|Any CPU
		{DC729AF5-A539-4CCE-B458-E108982EEE38}.Release|Any CPU.Build.0 = Release|Any CPU
	EndGlobalSection
	GlobalSection(SolutionProperties) = preSolution
		HideSolutionNode = FALSE
	EndGlobalSection
EndGlobal
