
Microsoft Visual Studio Solution File, Format Version 12.00
# Visual Studio 2012
Project("{FAE04EC0-301F-11D3-BF4B-00C04F79EFBC}") = "for_0dan10aKadarSayma_5iAtlama", "for_0dan10aKadarSayma_5iAtlama.csproj", "{B3A8BB5A-E0F1-47FB-8BAD-F0B1193D39CA}"
EndProject
Global
	GlobalSection(SolutionConfigurationPlatforms) = preSolution
		Debug|Any CPU = Debug|Any CPU
		Release|Any CPU = Release|Any CPU
	EndGlobalSection
	GlobalSection(ProjectConfigurationPlatforms) = postSolution
		{B3A8BB5A-E0F1-47FB-8BAD-F0B1193D39CA}.Debug|Any CPU.ActiveCfg = Debug|Any CPU
		{B3A8BB5A-E0F1-47FB-8BAD-F0B1193D39CA}.Debug|Any CPU.Build.0 = Debug|Any CPU
		{B3A8BB5A-E0F1-47FB-8BAD-F0B1193D39CA}.Release|Any CPU.ActiveCfg = Release|Any CPU
		{B3A8BB5A-E0F1-47FB-8BAD-F0B1193D39CA}.Release|Any CPU.Build.0 = Release|Any CPU
	EndGlobalSection
	GlobalSection(SolutionProperties) = preSolution
		HideSolutionNode = FALSE
	EndGlobalSection
EndGlobal
