
Microsoft Visual Studio Solution File, Format Version 12.00
# Visual Studio 2012
Project("{FAE04EC0-301F-11D3-BF4B-00C04F79EFBC}") = "openFileDialog_CokluDosyaSec", "openFileDialog_CokluDosyaSec.csproj", "{852D3DC4-51B2-4472-8419-FAD9CF93F843}"
EndProject
Global
	GlobalSection(SolutionConfigurationPlatforms) = preSolution
		Debug|Any CPU = Debug|Any CPU
		Release|Any CPU = Release|Any CPU
	EndGlobalSection
	GlobalSection(ProjectConfigurationPlatforms) = postSolution
		{852D3DC4-51B2-4472-8419-FAD9CF93F843}.Debug|Any CPU.ActiveCfg = Debug|Any CPU
		{852D3DC4-51B2-4472-8419-FAD9CF93F843}.Debug|Any CPU.Build.0 = Debug|Any CPU
		{852D3DC4-51B2-4472-8419-FAD9CF93F843}.Release|Any CPU.ActiveCfg = Release|Any CPU
		{852D3DC4-51B2-4472-8419-FAD9CF93F843}.Release|Any CPU.Build.0 = Release|Any CPU
	EndGlobalSection
	GlobalSection(SolutionProperties) = preSolution
		HideSolutionNode = FALSE
	EndGlobalSection
EndGlobal
