
Microsoft Visual Studio Solution File, Format Version 12.00
# Visual Studio 2012
Project("{FAE04EC0-301F-11D3-BF4B-00C04F79EFBC}") = "Global_Degisken_2", "Global_Degisken_2.csproj", "{A029DE43-5715-489C-A73A-4D45371CBD5C}"
EndProject
Global
	GlobalSection(SolutionConfigurationPlatforms) = preSolution
		Debug|Any CPU = Debug|Any CPU
		Release|Any CPU = Release|Any CPU
	EndGlobalSection
	GlobalSection(ProjectConfigurationPlatforms) = postSolution
		{A029DE43-5715-489C-A73A-4D45371CBD5C}.Debug|Any CPU.ActiveCfg = Debug|Any CPU
		{A029DE43-5715-489C-A73A-4D45371CBD5C}.Debug|Any CPU.Build.0 = Debug|Any CPU
		{A029DE43-5715-489C-A73A-4D45371CBD5C}.Release|Any CPU.ActiveCfg = Release|Any CPU
		{A029DE43-5715-489C-A73A-4D45371CBD5C}.Release|Any CPU.Build.0 = Release|Any CPU
	EndGlobalSection
	GlobalSection(SolutionProperties) = preSolution
		HideSolutionNode = FALSE
	EndGlobalSection
EndGlobal
