
Microsoft Visual Studio Solution File, Format Version 12.00
# Visual Studio 2012
Project("{FAE04EC0-301F-11D3-BF4B-00C04F79EFBC}") = "Strings_SubString_SiteAdresi", "Strings_SubString_SiteAdresi.csproj", "{916E3584-14F0-4993-88D1-32346117093B}"
EndProject
Global
	GlobalSection(SolutionConfigurationPlatforms) = preSolution
		Debug|Any CPU = Debug|Any CPU
		Release|Any CPU = Release|Any CPU
	EndGlobalSection
	GlobalSection(ProjectConfigurationPlatforms) = postSolution
		{916E3584-14F0-4993-88D1-32346117093B}.Debug|Any CPU.ActiveCfg = Debug|Any CPU
		{916E3584-14F0-4993-88D1-32346117093B}.Debug|Any CPU.Build.0 = Debug|Any CPU
		{916E3584-14F0-4993-88D1-32346117093B}.Release|Any CPU.ActiveCfg = Release|Any CPU
		{916E3584-14F0-4993-88D1-32346117093B}.Release|Any CPU.Build.0 = Release|Any CPU
	EndGlobalSection
	GlobalSection(SolutionProperties) = preSolution
		HideSolutionNode = FALSE
	EndGlobalSection
EndGlobal
