
Microsoft Visual Studio Solution File, Format Version 12.00
# Visual Studio 2012
Project("{FAE04EC0-301F-11D3-BF4B-00C04F79EFBC}") = "PictureBox_ResimGoster", "PictureBox_ResimGoster.csproj", "{B96CB947-7E06-4795-A137-AB988BB46061}"
EndProject
Global
	GlobalSection(SolutionConfigurationPlatforms) = preSolution
		Debug|Any CPU = Debug|Any CPU
		Release|Any CPU = Release|Any CPU
	EndGlobalSection
	GlobalSection(ProjectConfigurationPlatforms) = postSolution
		{B96CB947-7E06-4795-A137-AB988BB46061}.Debug|Any CPU.ActiveCfg = Debug|Any CPU
		{B96CB947-7E06-4795-A137-AB988BB46061}.Debug|Any CPU.Build.0 = Debug|Any CPU
		{B96CB947-7E06-4795-A137-AB988BB46061}.Release|Any CPU.ActiveCfg = Release|Any CPU
		{B96CB947-7E06-4795-A137-AB988BB46061}.Release|Any CPU.Build.0 = Release|Any CPU
	EndGlobalSection
	GlobalSection(SolutionProperties) = preSolution
		HideSolutionNode = FALSE
	EndGlobalSection
EndGlobal
