
Microsoft Visual Studio Solution File, Format Version 12.00
# Visual Studio 2012
Project("{FAE04EC0-301F-11D3-BF4B-00C04F79EFBC}") = "Image_Rotate_And_Flip", "Image_Rotate_And_Flip.csproj", "{1D465B24-68C8-4D85-AF43-659E529CD08B}"
EndProject
Global
	GlobalSection(SolutionConfigurationPlatforms) = preSolution
		Debug|Any CPU = Debug|Any CPU
		Release|Any CPU = Release|Any CPU
	EndGlobalSection
	GlobalSection(ProjectConfigurationPlatforms) = postSolution
		{1D465B24-68C8-4D85-AF43-659E529CD08B}.Debug|Any CPU.ActiveCfg = Debug|Any CPU
		{1D465B24-68C8-4D85-AF43-659E529CD08B}.Debug|Any CPU.Build.0 = Debug|Any CPU
		{1D465B24-68C8-4D85-AF43-659E529CD08B}.Release|Any CPU.ActiveCfg = Release|Any CPU
		{1D465B24-68C8-4D85-AF43-659E529CD08B}.Release|Any CPU.Build.0 = Release|Any CPU
	EndGlobalSection
	GlobalSection(SolutionProperties) = preSolution
		HideSolutionNode = FALSE
	EndGlobalSection
EndGlobal
