
Microsoft Visual Studio Solution File, Format Version 12.00
# Visual Studio 2012
Project("{FAE04EC0-301F-11D3-BF4B-00C04F79EFBC}") = "TimeSpan_YeniZaman", "TimeSpan_YeniZaman.csproj", "{0EF582B9-B135-4A12-8DE6-6ECADC173923}"
EndProject
Global
	GlobalSection(SolutionConfigurationPlatforms) = preSolution
		Debug|Any CPU = Debug|Any CPU
		Release|Any CPU = Release|Any CPU
	EndGlobalSection
	GlobalSection(ProjectConfigurationPlatforms) = postSolution
		{0EF582B9-B135-4A12-8DE6-6ECADC173923}.Debug|Any CPU.ActiveCfg = Debug|Any CPU
		{0EF582B9-B135-4A12-8DE6-6ECADC173923}.Debug|Any CPU.Build.0 = Debug|Any CPU
		{0EF582B9-B135-4A12-8DE6-6ECADC173923}.Release|Any CPU.ActiveCfg = Release|Any CPU
		{0EF582B9-B135-4A12-8DE6-6ECADC173923}.Release|Any CPU.Build.0 = Release|Any CPU
	EndGlobalSection
	GlobalSection(SolutionProperties) = preSolution
		HideSolutionNode = FALSE
	EndGlobalSection
EndGlobal
