
Microsoft Visual Studio Solution File, Format Version 12.00
# Visual Studio 2012
Project("{FAE04EC0-301F-11D3-BF4B-00C04F79EFBC}") = "Excel_grafik", "Excel_grafik.csproj", "{642D2DB7-2435-40A2-B1D4-EC345A380D40}"
EndProject
Global
	GlobalSection(SolutionConfigurationPlatforms) = preSolution
		Debug|Any CPU = Debug|Any CPU
		Release|Any CPU = Release|Any CPU
	EndGlobalSection
	GlobalSection(ProjectConfigurationPlatforms) = postSolution
		{642D2DB7-2435-40A2-B1D4-EC345A380D40}.Debug|Any CPU.ActiveCfg = Debug|Any CPU
		{642D2DB7-2435-40A2-B1D4-EC345A380D40}.Debug|Any CPU.Build.0 = Debug|Any CPU
		{642D2DB7-2435-40A2-B1D4-EC345A380D40}.Release|Any CPU.ActiveCfg = Release|Any CPU
		{642D2DB7-2435-40A2-B1D4-EC345A380D40}.Release|Any CPU.Build.0 = Release|Any CPU
	EndGlobalSection
	GlobalSection(SolutionProperties) = preSolution
		HideSolutionNode = FALSE
	EndGlobalSection
EndGlobal
