
Microsoft Visual Studio Solution File, Format Version 12.00
# Visual Studio 2012
Project("{FAE04EC0-301F-11D3-BF4B-00C04F79EFBC}") = "TimeSpan_TarihFark", "TimeSpan_TarihFark.csproj", "{18EA2179-B934-47D0-80F5-8F4696683CE5}"
EndProject
Global
	GlobalSection(SolutionConfigurationPlatforms) = preSolution
		Debug|Any CPU = Debug|Any CPU
		Release|Any CPU = Release|Any CPU
	EndGlobalSection
	GlobalSection(ProjectConfigurationPlatforms) = postSolution
		{18EA2179-B934-47D0-80F5-8F4696683CE5}.Debug|Any CPU.ActiveCfg = Debug|Any CPU
		{18EA2179-B934-47D0-80F5-8F4696683CE5}.Debug|Any CPU.Build.0 = Debug|Any CPU
		{18EA2179-B934-47D0-80F5-8F4696683CE5}.Release|Any CPU.ActiveCfg = Release|Any CPU
		{18EA2179-B934-47D0-80F5-8F4696683CE5}.Release|Any CPU.Build.0 = Release|Any CPU
	EndGlobalSection
	GlobalSection(SolutionProperties) = preSolution
		HideSolutionNode = FALSE
	EndGlobalSection
EndGlobal
